// !$*UTF8*$!
{
	archiveVersion = 1;
	classes = {
	};
	objectVersion = 50;
	objects = {

/* Begin PBXBuildFile section */
		BB2FBD0E29016FDE0095F545 /* AppDelegate.swift in Sources */ = {isa = PBXBuildFile; fileRef = BB2FBD0D29016FDE0095F545 /* AppDelegate.swift */; };
		BB2FBD1029016FDE0095F545 /* SceneDelegate.swift in Sources */ = {isa = PBXBuildFile; fileRef = BB2FBD0F29016FDE0095F545 /* SceneDelegate.swift */; };
		BB2FBD1529016FDE0095F545 /* Main.storyboard in Resources */ = {isa = PBXBuildFile; fileRef = BB2FBD1329016FDE0095F545 /* Main.storyboard */; };
		BB2FBD1729016FE20095F545 /* Assets.xcassets in Resources */ = {isa = PBXBuildFile; fileRef = BB2FBD1629016FE20095F545 /* Assets.xcassets */; };
		BB2FBD1A29016FE20095F545 /* LaunchScreen.storyboard in Resources */ = {isa = PBXBuildFile; fileRef = BB2FBD1829016FE20095F545 /* LaunchScreen.storyboard */; };
		BB8664C129017AEE00B52FC7 /* CommentsTableViewController.swift in Sources */ = {isa = PBXBuildFile; fileRef = BB8664C029017AEE00B52FC7 /* CommentsTableViewController.swift */; };
		BB8664C629017BE500B52FC7 /* Colors.xcassets in Resources */ = {isa = PBXBuildFile; fileRef = BB8664C529017BE500B52FC7 /* Colors.xcassets */; };
		BB8664CB29017EF900B52FC7 /* RequestSubscribeCell.swift in Sources */ = {isa = PBXBuildFile; fileRef = BB8664CA29017EF900B52FC7 /* RequestSubscribeCell.swift */; };
		BB8664CE2901903900B52FC7 /* NoticeCell.swift in Sources */ = {isa = PBXBuildFile; fileRef = BB8664CD2901903900B52FC7 /* NoticeCell.swift */; };
		BB8664D12901919A00B52FC7 /* Notice.swift in Sources */ = {isa = PBXBuildFile; fileRef = BB8664D02901919A00B52FC7 /* Notice.swift */; };
		BB8664D4290198FA00B52FC7 /* CommentItems.swift in Sources */ = {isa = PBXBuildFile; fileRef = BB8664D3290198FA00B52FC7 /* CommentItems.swift */; };
		BB8664D82901A6E700B52FC7 /* LikedCommentCell.swift in Sources */ = {isa = PBXBuildFile; fileRef = BB8664D72901A6E700B52FC7 /* LikedCommentCell.swift */; };
		BB8664DB2901A70400B52FC7 /* SubscribeOnYouCell.swift in Sources */ = {isa = PBXBuildFile; fileRef = BB8664DA2901A70400B52FC7 /* SubscribeOnYouCell.swift */; };
		BB8664DE2901C6B700B52FC7 /* LikedComment.swift in Sources */ = {isa = PBXBuildFile; fileRef = BB8664DD2901C6B700B52FC7 /* LikedComment.swift */; };
		BB8664E12901CCE600B52FC7 /* SubscribeOnYou.swift in Sources */ = {isa = PBXBuildFile; fileRef = BB8664E02901CCE600B52FC7 /* SubscribeOnYou.swift */; };
		BB8664E52901FA1000B52FC7 /* NSMutableAttributedString+Extension.swift in Sources */ = {isa = PBXBuildFile; fileRef = BB8664E42901FA1000B52FC7 /* NSMutableAttributedString+Extension.swift */; };
/* End PBXBuildFile section */

/* Begin PBXFileReference section */
		BB2FBD0A29016FDE0095F545 /* InstaApp.app */ = {isa = PBXFileReference; explicitFileType = wrapper.application; includeInIndex = 0; path = InstaApp.app; sourceTree = BUILT_PRODUCTS_DIR; };
		BB2FBD0D29016FDE0095F545 /* AppDelegate.swift */ = {isa = PBXFileReference; lastKnownFileType = sourcecode.swift; path = AppDelegate.swift; sourceTree = "<group>"; };
		BB2FBD0F29016FDE0095F545 /* SceneDelegate.swift */ = {isa = PBXFileReference; lastKnownFileType = sourcecode.swift; path = SceneDelegate.swift; sourceTree = "<group>"; };
		BB2FBD1429016FDE0095F545 /* Base */ = {isa = PBXFileReference; lastKnownFileType = file.storyboard; name = Base; path = Base.lproj/Main.storyboard; sourceTree = "<group>"; };
		BB2FBD1629016FE20095F545 /* Assets.xcassets */ = {isa = PBXFileReference; lastKnownFileType = folder.assetcatalog; path = Assets.xcassets; sourceTree = "<group>"; };
		BB2FBD1929016FE20095F545 /* Base */ = {isa = PBXFileReference; lastKnownFileType = file.storyboard; name = Base; path = Base.lproj/LaunchScreen.storyboard; sourceTree = "<group>"; };
		BB2FBD1B29016FE20095F545 /* Info.plist */ = {isa = PBXFileReference; lastKnownFileType = text.plist.xml; path = Info.plist; sourceTree = "<group>"; };
		BB8664C029017AEE00B52FC7 /* CommentsTableViewController.swift */ = {isa = PBXFileReference; lastKnownFileType = sourcecode.swift; path = CommentsTableViewController.swift; sourceTree = "<group>"; };
		BB8664C529017BE500B52FC7 /* Colors.xcassets */ = {isa = PBXFileReference; lastKnownFileType = folder.assetcatalog; path = Colors.xcassets; sourceTree = "<group>"; };
		BB8664CA29017EF900B52FC7 /* RequestSubscribeCell.swift */ = {isa = PBXFileReference; lastKnownFileType = sourcecode.swift; path = RequestSubscribeCell.swift; sourceTree = "<group>"; };
		BB8664CD2901903900B52FC7 /* NoticeCell.swift */ = {isa = PBXFileReference; lastKnownFileType = sourcecode.swift; path = NoticeCell.swift; sourceTree = "<group>"; };
		BB8664D02901919A00B52FC7 /* Notice.swift */ = {isa = PBXFileReference; lastKnownFileType = sourcecode.swift; path = Notice.swift; sourceTree = "<group>"; };
		BB8664D3290198FA00B52FC7 /* CommentItems.swift */ = {isa = PBXFileReference; lastKnownFileType = sourcecode.swift; path = CommentItems.swift; sourceTree = "<group>"; };
		BB8664D72901A6E700B52FC7 /* LikedCommentCell.swift */ = {isa = PBXFileReference; lastKnownFileType = sourcecode.swift; path = LikedCommentCell.swift; sourceTree = "<group>"; };
		BB8664DA2901A70400B52FC7 /* SubscribeOnYouCell.swift */ = {isa = PBXFileReference; lastKnownFileType = sourcecode.swift; path = SubscribeOnYouCell.swift; sourceTree = "<group>"; };
		BB8664DD2901C6B700B52FC7 /* LikedComment.swift */ = {isa = PBXFileReference; lastKnownFileType = sourcecode.swift; path = LikedComment.swift; sourceTree = "<group>"; };
		BB8664E02901CCE600B52FC7 /* SubscribeOnYou.swift */ = {isa = PBXFileReference; lastKnownFileType = sourcecode.swift; path = SubscribeOnYou.swift; sourceTree = "<group>"; };
		BB8664E42901FA1000B52FC7 /* NSMutableAttributedString+Extension.swift */ = {isa = PBXFileReference; lastKnownFileType = sourcecode.swift; path = "NSMutableAttributedString+Extension.swift"; sourceTree = "<group>"; };
/* End PBXFileReference section */

/* Begin PBXFrameworksBuildPhase section */
		BB2FBD0729016FDE0095F545 /* Frameworks */ = {
			isa = PBXFrameworksBuildPhase;
			buildActionMask = 2147483647;
			files = (
			);
			runOnlyForDeploymentPostprocessing = 0;
		};
/* End PBXFrameworksBuildPhase section */

/* Begin PBXGroup section */
		BB2FBD0129016FDE0095F545 = {
			isa = PBXGroup;
			children = (
				BB2FBD0C29016FDE0095F545 /* InstaApp */,
				BB2FBD0B29016FDE0095F545 /* Products */,
			);
			sourceTree = "<group>";
		};
		BB2FBD0B29016FDE0095F545 /* Products */ = {
			isa = PBXGroup;
			children = (
				BB2FBD0A29016FDE0095F545 /* InstaApp.app */,
			);
			name = Products;
			sourceTree = "<group>";
		};
		BB2FBD0C29016FDE0095F545 /* InstaApp */ = {
			isa = PBXGroup;
			children = (
				BB8664E32901F9CA00B52FC7 /* Extensions */,
				BB2FBD0D29016FDE0095F545 /* AppDelegate.swift */,
				BB2FBD0F29016FDE0095F545 /* SceneDelegate.swift */,
				BB2FBD1329016FDE0095F545 /* Main.storyboard */,
				BB8664C029017AEE00B52FC7 /* CommentsTableViewController.swift */,
				BB8664D3290198FA00B52FC7 /* CommentItems.swift */,
				BB8664C829017C2500B52FC7 /* Cells */,
				BB8664C329017AFB00B52FC7 /* Models */,
				BB2FBD1629016FE20095F545 /* Assets.xcassets */,
				BB2FBD1829016FE20095F545 /* LaunchScreen.storyboard */,
				BB8664C529017BE500B52FC7 /* Colors.xcassets */,
				BB2FBD1B29016FE20095F545 /* Info.plist */,
			);
			path = InstaApp;
			sourceTree = "<group>";
		};
		BB8664C329017AFB00B52FC7 /* Models */ = {
			isa = PBXGroup;
			children = (
				BB8664D02901919A00B52FC7 /* Notice.swift */,
				BB8664DD2901C6B700B52FC7 /* LikedComment.swift */,
				BB8664E02901CCE600B52FC7 /* SubscribeOnYou.swift */,
			);
			path = Models;
			sourceTree = "<group>";
		};
		BB8664C829017C2500B52FC7 /* Cells */ = {
			isa = PBXGroup;
			children = (
				BB8664CA29017EF900B52FC7 /* RequestSubscribeCell.swift */,
				BB8664DA2901A70400B52FC7 /* SubscribeOnYouCell.swift */,
				BB8664CD2901903900B52FC7 /* NoticeCell.swift */,
				BB8664D72901A6E700B52FC7 /* LikedCommentCell.swift */,
			);
			path = Cells;
			sourceTree = "<group>";
		};
		BB8664E32901F9CA00B52FC7 /* Extensions */ = {
			isa = PBXGroup;
			children = (
				BB8664E42901FA1000B52FC7 /* NSMutableAttributedString+Extension.swift */,
			);
			path = Extensions;
			sourceTree = "<group>";
		};
/* End PBXGroup section */

/* Begin PBXNativeTarget section */
		BB2FBD0929016FDE0095F545 /* InstaApp */ = {
			isa = PBXNativeTarget;
			buildConfigurationList = BB2FBD1E29016FE20095F545 /* Build configuration list for PBXNativeTarget "InstaApp" */;
			buildPhases = (
				BB8664BD2901731500B52FC7 /* SwiftLint */,
				BB2FBD0629016FDE0095F545 /* Sources */,
				BB2FBD0729016FDE0095F545 /* Frameworks */,
				BB2FBD0829016FDE0095F545 /* Resources */,
			);
			buildRules = (
			);
			dependencies = (
			);
			name = InstaApp;
			productName = InstaApp;
			productReference = BB2FBD0A29016FDE0095F545 /* InstaApp.app */;
			productType = "com.apple.product-type.application";
		};
/* End PBXNativeTarget section */

/* Begin PBXProject section */
		BB2FBD0229016FDE0095F545 /* Project object */ = {
			isa = PBXProject;
			attributes = {
				LastSwiftUpdateCheck = 1210;
				LastUpgradeCheck = 1210;
				TargetAttributes = {
					BB2FBD0929016FDE0095F545 = {
						CreatedOnToolsVersion = 12.1;
					};
				};
			};
			buildConfigurationList = BB2FBD0529016FDE0095F545 /* Build configuration list for PBXProject "InstaApp" */;
			compatibilityVersion = "Xcode 9.3";
			developmentRegion = en;
			hasScannedForEncodings = 0;
			knownRegions = (
				en,
				Base,
			);
			mainGroup = BB2FBD0129016FDE0095F545;
			productRefGroup = BB2FBD0B29016FDE0095F545 /* Products */;
			projectDirPath = "";
			projectRoot = "";
			targets = (
				BB2FBD0929016FDE0095F545 /* InstaApp */,
			);
		};
/* End PBXProject section */

/* Begin PBXResourcesBuildPhase section */
		BB2FBD0829016FDE0095F545 /* Resources */ = {
			isa = PBXResourcesBuildPhase;
			buildActionMask = 2147483647;
			files = (
				BB2FBD1A29016FE20095F545 /* LaunchScreen.storyboard in Resources */,
				BB8664C629017BE500B52FC7 /* Colors.xcassets in Resources */,
				BB2FBD1729016FE20095F545 /* Assets.xcassets in Resources */,
				BB2FBD1529016FDE0095F545 /* Main.storyboard in Resources */,
			);
			runOnlyForDeploymentPostprocessing = 0;
		};
/* End PBXResourcesBuildPhase section */

/* Begin PBXShellScriptBuildPhase section */
		BB8664BD2901731500B52FC7 /* SwiftLint */ = {
			isa = PBXShellScriptBuildPhase;
			buildActionMask = 2147483647;
			files = (
			);
			inputFileListPaths = (
			);
			inputPaths = (
			);
			name = SwiftLint;
			outputFileListPaths = (
			);
			outputPaths = (
			);
			runOnlyForDeploymentPostprocessing = 0;
			shellPath = /bin/sh;
			shellScript = "export PATH=\"$PATH:/opt/homebrew/bin\"\nif which swiftlint > /dev/null; then\n  swiftlint\nelse\n  echo \"warning: SwiftLint not installed, download from https://github.com/realm/SwiftLint\"\nfi\n";
		};
/* End PBXShellScriptBuildPhase section */

/* Begin PBXSourcesBuildPhase section */
		BB2FBD0629016FDE0095F545 /* Sources */ = {
			isa = PBXSourcesBuildPhase;
			buildActionMask = 2147483647;
			files = (
				BB8664D4290198FA00B52FC7 /* CommentItems.swift in Sources */,
				BB8664DE2901C6B700B52FC7 /* LikedComment.swift in Sources */,
				BB8664E52901FA1000B52FC7 /* NSMutableAttributedString+Extension.swift in Sources */,
				BB8664CB29017EF900B52FC7 /* RequestSubscribeCell.swift in Sources */,
				BB2FBD0E29016FDE0095F545 /* AppDelegate.swift in Sources */,
				BB2FBD1029016FDE0095F545 /* SceneDelegate.swift in Sources */,
				BB8664D12901919A00B52FC7 /* Notice.swift in Sources */,
				BB8664DB2901A70400B52FC7 /* SubscribeOnYouCell.swift in Sources */,
				BB8664D82901A6E700B52FC7 /* LikedCommentCell.swift in Sources */,
				BB8664C129017AEE00B52FC7 /* CommentsTableViewController.swift in Sources */,
				BB8664E12901CCE600B52FC7 /* SubscribeOnYou.swift in Sources */,
				BB8664CE2901903900B52FC7 /* NoticeCell.swift in Sources */,
			);
			runOnlyForDeploymentPostprocessing = 0;
		};
/* End PBXSourcesBuildPhase section */

/* Begin PBXVariantGroup section */
		BB2FBD1329016FDE0095F545 /* Main.storyboard */ = {
			isa = PBXVariantGroup;
			children = (
				BB2FBD1429016FDE0095F545 /* Base */,
			);
			name = Main.storyboard;
			sourceTree = "<group>";
		};
		BB2FBD1829016FE20095F545 /* LaunchScreen.storyboard */ = {
			isa = PBXVariantGroup;
			children = (
				BB2FBD1929016FE20095F545 /* Base */,
			);
			name = LaunchScreen.storyboard;
			sourceTree = "<group>";
		};
/* End PBXVariantGroup section */

/* Begin XCBuildConfiguration section */
		BB2FBD1C29016FE20095F545 /* Debug */ = {
			isa = XCBuildConfiguration;
			buildSettings = {
				ALWAYS_SEARCH_USER_PATHS = NO;
				CLANG_ANALYZER_NONNULL = YES;
				CLANG_ANALYZER_NUMBER_OBJECT_CONVERSION = YES_AGGRESSIVE;
				CLANG_CXX_LANGUAGE_STANDARD = "gnu++14";
				CLANG_CXX_LIBRARY = "libc++";
				CLANG_ENABLE_MODULES = YES;
				CLANG_ENABLE_OBJC_ARC = YES;
				CLANG_ENABLE_OBJC_WEAK = YES;
				CLANG_WARN_BLOCK_CAPTURE_AUTORELEASING = YES;
				CLANG_WARN_BOOL_CONVERSION = YES;
				CLANG_WARN_COMMA = YES;
				CLANG_WARN_CONSTANT_CONVERSION = YES;
				CLANG_WARN_DEPRECATED_OBJC_IMPLEMENTATIONS = YES;
				CLANG_WARN_DIRECT_OBJC_ISA_USAGE = YES_ERROR;
				CLANG_WARN_DOCUMENTATION_COMMENTS = YES;
				CLANG_WARN_EMPTY_BODY = YES;
				CLANG_WARN_ENUM_CONVERSION = YES;
				CLANG_WARN_INFINITE_RECURSION = YES;
				CLANG_WARN_INT_CONVERSION = YES;
				CLANG_WARN_NON_LITERAL_NULL_CONVERSION = YES;
				CLANG_WARN_OBJC_IMPLICIT_RETAIN_SELF = YES;
				CLANG_WARN_OBJC_LITERAL_CONVERSION = YES;
				CLANG_WARN_OBJC_ROOT_CLASS = YES_ERROR;
				CLANG_WARN_QUOTED_INCLUDE_IN_FRAMEWORK_HEADER = YES;
				CLANG_WARN_RANGE_LOOP_ANALYSIS = YES;
				CLANG_WARN_STRICT_PROTOTYPES = YES;
				CLANG_WARN_SUSPICIOUS_MOVE = YES;
				CLANG_WARN_UNGUARDED_AVAILABILITY = YES_AGGRESSIVE;
				CLANG_WARN_UNREACHABLE_CODE = YES;
				CLANG_WARN__DUPLICATE_METHOD_MATCH = YES;
				COPY_PHASE_STRIP = NO;
				DEBUG_INFORMATION_FORMAT = dwarf;
				ENABLE_STRICT_OBJC_MSGSEND = YES;
				ENABLE_TESTABILITY = YES;
				GCC_C_LANGUAGE_STANDARD = gnu11;
				GCC_DYNAMIC_NO_PIC = NO;
				GCC_NO_COMMON_BLOCKS = YES;
				GCC_OPTIMIZATION_LEVEL = 0;
				GCC_PREPROCESSOR_DEFINITIONS = (
					"DEBUG=1",
					"$(inherited)",
				);
				GCC_WARN_64_TO_32_BIT_CONVERSION = YES;
				GCC_WARN_ABOUT_RETURN_TYPE = YES_ERROR;
				GCC_WARN_UNDECLARED_SELECTOR = YES;
				GCC_WARN_UNINITIALIZED_AUTOS = YES_AGGRESSIVE;
				GCC_WARN_UNUSED_FUNCTION = YES;
				GCC_WARN_UNUSED_VARIABLE = YES;
				IPHONEOS_DEPLOYMENT_TARGET = 14.1;
				MTL_ENABLE_DEBUG_INFO = INCLUDE_SOURCE;
				MTL_FAST_MATH = YES;
				ONLY_ACTIVE_ARCH = YES;
				SDKROOT = iphoneos;
				SWIFT_ACTIVE_COMPILATION_CONDITIONS = DEBUG;
				SWIFT_OPTIMIZATION_LEVEL = "-Onone";
			};
			name = Debug;
		};
		BB2FBD1D29016FE20095F545 /* Release */ = {
			isa = XCBuildConfiguration;
			buildSettings = {
				ALWAYS_SEARCH_USER_PATHS = NO;
				CLANG_ANALYZER_NONNULL = YES;
				CLANG_ANALYZER_NUMBER_OBJECT_CONVERSION = YES_AGGRESSIVE;
				CLANG_CXX_LANGUAGE_STANDARD = "gnu++14";
				CLANG_CXX_LIBRARY = "libc++";
				CLANG_ENABLE_MODULES = YES;
				CLANG_ENABLE_OBJC_ARC = YES;
				CLANG_ENABLE_OBJC_WEAK = YES;
				CLANG_WARN_BLOCK_CAPTURE_AUTORELEASING = YES;
				CLANG_WARN_BOOL_CONVERSION = YES;
				CLANG_WARN_COMMA = YES;
				CLANG_WARN_CONSTANT_CONVERSION = YES;
				CLANG_WARN_DEPRECATED_OBJC_IMPLEMENTATIONS = YES;
				CLANG_WARN_DIRECT_OBJC_ISA_USAGE = YES_ERROR;
				CLANG_WARN_DOCUMENTATION_COMMENTS = YES;
				CLANG_WARN_EMPTY_BODY = YES;
				CLANG_WARN_ENUM_CONVERSION = YES;
				CLANG_WARN_INFINITE_RECURSION = YES;
				CLANG_WARN_INT_CONVERSION = YES;
				CLANG_WARN_NON_LITERAL_NULL_CONVERSION = YES;
				CLANG_WARN_OBJC_IMPLICIT_RETAIN_SELF = YES;
				CLANG_WARN_OBJC_LITERAL_CONVERSION = YES;
				CLANG_WARN_OBJC_ROOT_CLASS = YES_ERROR;
				CLANG_WARN_QUOTED_INCLUDE_IN_FRAMEWORK_HEADER = YES;
				CLANG_WARN_RANGE_LOOP_ANALYSIS = YES;
				CLANG_WARN_STRICT_PROTOTYPES = YES;
				CLANG_WARN_SUSPICIOUS_MOVE = YES;
				CLANG_WARN_UNGUARDED_AVAILABILITY = YES_AGGRESSIVE;
				CLANG_WARN_UNREACHABLE_CODE = YES;
				CLANG_WARN__DUPLICATE_METHOD_MATCH = YES;
				COPY_PHASE_STRIP = NO;
				DEBUG_INFORMATION_FORMAT = "dwarf-with-dsym";
				ENABLE_NS_ASSERTIONS = NO;
				ENABLE_STRICT_OBJC_MSGSEND = YES;
				GCC_C_LANGUAGE_STANDARD = gnu11;
				GCC_NO_COMMON_BLOCKS = YES;
				GCC_WARN_64_TO_32_BIT_CONVERSION = YES;
				GCC_WARN_ABOUT_RETURN_TYPE = YES_ERROR;
				GCC_WARN_UNDECLARED_SELECTOR = YES;
				GCC_WARN_UNINITIALIZED_AUTOS = YES_AGGRESSIVE;
				GCC_WARN_UNUSED_FUNCTION = YES;
				GCC_WARN_UNUSED_VARIABLE = YES;
				IPHONEOS_DEPLOYMENT_TARGET = 14.1;
				MTL_ENABLE_DEBUG_INFO = NO;
				MTL_FAST_MATH = YES;
				SDKROOT = iphoneos;
				SWIFT_COMPILATION_MODE = wholemodule;
				SWIFT_OPTIMIZATION_LEVEL = "-O";
				VALIDATE_PRODUCT = YES;
			};
			name = Release;
		};
		BB2FBD1F29016FE20095F545 /* Debug */ = {
			isa = XCBuildConfiguration;
			buildSettings = {
				ASSETCATALOG_COMPILER_APPICON_NAME = AppIcon;
				ASSETCATALOG_COMPILER_GLOBAL_ACCENT_COLOR_NAME = AccentColor;
				CODE_SIGN_STYLE = Automatic;
				DEVELOPMENT_TEAM = 6WW6D9N6J7;
				INFOPLIST_FILE = InstaApp/Info.plist;
				LD_RUNPATH_SEARCH_PATHS = (
					"$(inherited)",
					"@executable_path/Frameworks",
				);
				PRODUCT_BUNDLE_IDENTIFIER = "ru.koskin-val-mail.InstaApp";
				PRODUCT_NAME = "$(TARGET_NAME)";
				SWIFT_VERSION = 5.0;
				TARGETED_DEVICE_FAMILY = "1,2";
			};
			name = Debug;
		};
		BB2FBD2029016FE20095F545 /* Release */ = {
			isa = XCBuildConfiguration;
			buildSettings = {
				ASSETCATALOG_COMPILER_APPICON_NAME = AppIcon;
				ASSETCATALOG_COMPILER_GLOBAL_ACCENT_COLOR_NAME = AccentColor;
				CODE_SIGN_STYLE = Automatic;
				DEVELOPMENT_TEAM = 6WW6D9N6J7;
				INFOPLIST_FILE = InstaApp/Info.plist;
				LD_RUNPATH_SEARCH_PATHS = (
					"$(inherited)",
					"@executable_path/Frameworks",
				);
				PRODUCT_BUNDLE_IDENTIFIER = "ru.koskin-val-mail.InstaApp";
				PRODUCT_NAME = "$(TARGET_NAME)";
				SWIFT_VERSION = 5.0;
				TARGETED_DEVICE_FAMILY = "1,2";
			};
			name = Release;
		};
/* End XCBuildConfiguration section */

/* Begin XCConfigurationList section */
		BB2FBD0529016FDE0095F545 /* Build configuration list for PBXProject "InstaApp" */ = {
			isa = XCConfigurationList;
			buildConfigurations = (
				BB2FBD1C29016FE20095F545 /* Debug */,
				BB2FBD1D29016FE20095F545 /* Release */,
			);
			defaultConfigurationIsVisible = 0;
			defaultConfigurationName = Release;
		};
		BB2FBD1E29016FE20095F545 /* Build configuration list for PBXNativeTarget "InstaApp" */ = {
			isa = XCConfigurationList;
			buildConfigurations = (
				BB2FBD1F29016FE20095F545 /* Debug */,
				BB2FBD2029016FE20095F545 /* Release */,
			);
			defaultConfigurationIsVisible = 0;
			defaultConfigurationName = Release;
		};
/* End XCConfigurationList section */
	};
	rootObject = BB2FBD0229016FDE0095F545 /* Project object */;
}
